
Microsoft Visual Studio Solution File, Format Version 12.00
# Visual Studio 15
VisualStudioVersion = 15.0.28010.2036
MinimumVisualStudioVersion = 10.0.40219.1
Project("{FAE04EC0-301F-11D3-BF4B-00C04F79EFBC}") = "FractionCalculator", "FractionCalculator\FractionCalculator.csproj", "{A00BFBD6-AE49-4C25-AB8D-BD15AB071C27}"
EndProject
Project("{FAE04EC0-301F-11D3-BF4B-00C04F79EFBC}") = "FractionCalculatorTests", "FractionCalculatorTests\FractionCalculatorTests.csproj", "{672F63DB-787A-4FEA-BB6E-A289242BEB18}"
EndProject
Global
	GlobalSection(SolutionConfigurationPlatforms) = preSolution
		Debug|Any CPU = Debug|Any CPU
		Release|Any CPU = Release|Any CPU
	EndGlobalSection
	GlobalSection(ProjectConfigurationPlatforms) = postSolution
		{A00BFBD6-AE49-4C25-AB8D-BD15AB071C27}.Debug|Any CPU.ActiveCfg = Debug|Any CPU
		{A00BFBD6-AE49-4C25-AB8D-BD15AB071C27}.Debug|Any CPU.Build.0 = Debug|Any CPU
		{A00BFBD6-AE49-4C25-AB8D-BD15AB071C27}.Release|Any CPU.ActiveCfg = Release|Any CPU
		{A00BFBD6-AE49-4C25-AB8D-BD15AB071C27}.Release|Any CPU.Build.0 = Release|Any CPU
		{672F63DB-787A-4FEA-BB6E-A289242BEB18}.Debug|Any CPU.ActiveCfg = Debug|Any CPU
		{672F63DB-787A-4FEA-BB6E-A289242BEB18}.Debug|Any CPU.Build.0 = Debug|Any CPU
		{672F63DB-787A-4FEA-BB6E-A289242BEB18}.Release|Any CPU.ActiveCfg = Release|Any CPU
		{672F63DB-787A-4FEA-BB6E-A289242BEB18}.Release|Any CPU.Build.0 = Release|Any CPU
	EndGlobalSection
	GlobalSection(SolutionProperties) = preSolution
		HideSolutionNode = FALSE
	EndGlobalSection
	GlobalSection(ExtensibilityGlobals) = postSolution
		SolutionGuid = {0C5ACD3D-B63C-4F16-A610-C0F1F1042CAA}
	EndGlobalSection
EndGlobal
